{
  "requires": true,
  "lockfileVersion": 1,
  "dependencies": {
    "miniprogram-api-typings": {
      "version": "2.4.1",
      "resolved": "https://registry.npmjs.org/miniprogram-api-typings/-/miniprogram-api-typings-2.4.1.tgz",
      "integrity": "sha512-1iOjB1Ed3SFDUGf/MRDbYQhbcMyB4B7JB1n6c8vmbdJ12PiW1coOimOsrUbN/nex6LWdl9/UfPelWFD7G1YSpg=="
    }
  }
}
